
Microsoft Visual Studio Solution File, Format Version 12.00
# Visual Studio Version 16
VisualStudioVersion = 16.0.29001.49
MinimumVisualStudioVersion = 10.0.40219.1
Project("{FAE04EC0-301F-11D3-BF4B-00C04F79EFBC}") = "actual output", "actual output\actual output.csproj", "{09AF1075-989E-4822-A9AB-425157952306}"
EndProject
Global
	GlobalSection(SolutionConfigurationPlatforms) = preSolution
		Debug|Any CPU = Debug|Any CPU
		Release|Any CPU = Release|Any CPU
	EndGlobalSection
	GlobalSection(ProjectConfigurationPlatforms) = postSolution
		{09AF1075-989E-4822-A9AB-425157952306}.Debug|Any CPU.ActiveCfg = Debug|Any CPU
		{09AF1075-989E-4822-A9AB-425157952306}.Debug|Any CPU.Build.0 = Debug|Any CPU
		{09AF1075-989E-4822-A9AB-425157952306}.Release|Any CPU.ActiveCfg = Release|Any CPU
		{09AF1075-989E-4822-A9AB-425157952306}.Release|Any CPU.Build.0 = Release|Any CPU
	EndGlobalSection
	GlobalSection(SolutionProperties) = preSolution
		HideSolutionNode = FALSE
	EndGlobalSection
	GlobalSection(ExtensibilityGlobals) = postSolution
		SolutionGuid = {BE8BB38C-D282-4D3E-A00E-397519CBAD0D}
	EndGlobalSection
EndGlobal
